
Microsoft Visual Studio Solution File, Format Version 12.00
# Visual Studio Version 16
VisualStudioVersion = 16.0.31424.327
MinimumVisualStudioVersion = 10.0.40219.1
Project("{9A19103F-16F7-4668-BE54-9A1E7A4F7556}") = "APIGateway", "APIGateway\APIGateway.csproj", "{4F2F4AB9-873C-4EFD-9099-4A0864B87C85}"
EndProject
Project("{2150E333-8FDC-42A3-9474-1A3956D46DE8}") = "Services", "Services", "{41EE7804-2675-4FDC-8F29-5DF5A8B99345}"
EndProject
Project("{2150E333-8FDC-42A3-9474-1A3956D46DE8}") = "CustomersAPI", "CustomersAPI", "{F8040B11-FB20-496F-893A-B5AE1B704FF6}"
EndProject
Project("{2150E333-8FDC-42A3-9474-1A3956D46DE8}") = "OrdersAPI", "OrdersAPI", "{BF0B7005-C98D-468E-B06C-C023E6A7CB78}"
EndProject
Project("{9A19103F-16F7-4668-BE54-9A1E7A4F7556}") = "OrderApplication.DataAccess", "OrderApplication.DataAccess\OrderApplication.DataAccess.csproj", "{474B34F3-0E78-4736-82EF-E7D497F2F9FA}"
EndProject
Project("{9A19103F-16F7-4668-BE54-9A1E7A4F7556}") = "Customers.API", "Services\CustomersAPI\Customers.API\Customers.API.csproj", "{2C611226-6500-4BB3-90F4-DFD4412F9B69}"
EndProject
Project("{9A19103F-16F7-4668-BE54-9A1E7A4F7556}") = "Orders.API", "Services\OrdersAPI\Orders.API\Orders.API.csproj", "{B987ABEB-3A4C-48F6-8566-9DB664304902}"
EndProject
Project("{9A19103F-16F7-4668-BE54-9A1E7A4F7556}") = "Customers.API.Business", "Services\CustomersAPI\Customers.API.Business\Customers.API.Business.csproj", "{0D832FF5-9974-4CEE-ACF9-D5C45573DC40}"
EndProject
Project("{9A19103F-16F7-4668-BE54-9A1E7A4F7556}") = "Orders.API.Business", "Services\OrdersAPI\Orders.API.Business\Orders.API.Business.csproj", "{A54C8437-02E0-48CB-AAC2-948A896E6E61}"
EndProject
Project("{2150E333-8FDC-42A3-9474-1A3956D46DE8}") = "Test", "Test", "{0726D363-94DB-4D20-8C73-2A7E5654E292}"
EndProject
Project("{FAE04EC0-301F-11D3-BF4B-00C04F79EFBC}") = "Customer.API.Test", "Services\CustomersAPI\Test\Customer.API.Test\Customer.API.Test.csproj", "{F7F81039-F9B1-4DF1-872C-7842781E5AEA}"
EndProject
Project("{2150E333-8FDC-42A3-9474-1A3956D46DE8}") = "Test", "Test", "{BA83E33D-4266-4E1F-AA9D-5913A92A29F7}"
EndProject
Project("{FAE04EC0-301F-11D3-BF4B-00C04F79EFBC}") = "Orders.API.Test", "Services\OrdersAPI\Test\Orders.API.Test\Orders.API.Test.csproj", "{60555944-0625-4A58-9B41-3C50FC12B8C5}"
EndProject
Global
	GlobalSection(SolutionConfigurationPlatforms) = preSolution
		Debug|Any CPU = Debug|Any CPU
		Release|Any CPU = Release|Any CPU
	EndGlobalSection
	GlobalSection(ProjectConfigurationPlatforms) = postSolution
		{4F2F4AB9-873C-4EFD-9099-4A0864B87C85}.Debug|Any CPU.ActiveCfg = Debug|Any CPU
		{4F2F4AB9-873C-4EFD-9099-4A0864B87C85}.Debug|Any CPU.Build.0 = Debug|Any CPU
		{4F2F4AB9-873C-4EFD-9099-4A0864B87C85}.Release|Any CPU.ActiveCfg = Release|Any CPU
		{4F2F4AB9-873C-4EFD-9099-4A0864B87C85}.Release|Any CPU.Build.0 = Release|Any CPU
		{474B34F3-0E78-4736-82EF-E7D497F2F9FA}.Debug|Any CPU.ActiveCfg = Debug|Any CPU
		{474B34F3-0E78-4736-82EF-E7D497F2F9FA}.Debug|Any CPU.Build.0 = Debug|Any CPU
		{474B34F3-0E78-4736-82EF-E7D497F2F9FA}.Release|Any CPU.ActiveCfg = Release|Any CPU
		{474B34F3-0E78-4736-82EF-E7D497F2F9FA}.Release|Any CPU.Build.0 = Release|Any CPU
		{2C611226-6500-4BB3-90F4-DFD4412F9B69}.Debug|Any CPU.ActiveCfg = Debug|Any CPU
		{2C611226-6500-4BB3-90F4-DFD4412F9B69}.Debug|Any CPU.Build.0 = Debug|Any CPU
		{2C611226-6500-4BB3-90F4-DFD4412F9B69}.Release|Any CPU.ActiveCfg = Release|Any CPU
		{2C611226-6500-4BB3-90F4-DFD4412F9B69}.Release|Any CPU.Build.0 = Release|Any CPU
		{B987ABEB-3A4C-48F6-8566-9DB664304902}.Debug|Any CPU.ActiveCfg = Debug|Any CPU
		{B987ABEB-3A4C-48F6-8566-9DB664304902}.Debug|Any CPU.Build.0 = Debug|Any CPU
		{B987ABEB-3A4C-48F6-8566-9DB664304902}.Release|Any CPU.ActiveCfg = Release|Any CPU
		{B987ABEB-3A4C-48F6-8566-9DB664304902}.Release|Any CPU.Build.0 = Release|Any CPU
		{0D832FF5-9974-4CEE-ACF9-D5C45573DC40}.Debug|Any CPU.ActiveCfg = Debug|Any CPU
		{0D832FF5-9974-4CEE-ACF9-D5C45573DC40}.Debug|Any CPU.Build.0 = Debug|Any CPU
		{0D832FF5-9974-4CEE-ACF9-D5C45573DC40}.Release|Any CPU.ActiveCfg = Release|Any CPU
		{0D832FF5-9974-4CEE-ACF9-D5C45573DC40}.Release|Any CPU.Build.0 = Release|Any CPU
		{A54C8437-02E0-48CB-AAC2-948A896E6E61}.Debug|Any CPU.ActiveCfg = Debug|Any CPU
		{A54C8437-02E0-48CB-AAC2-948A896E6E61}.Debug|Any CPU.Build.0 = Debug|Any CPU
		{A54C8437-02E0-48CB-AAC2-948A896E6E61}.Release|Any CPU.ActiveCfg = Release|Any CPU
		{A54C8437-02E0-48CB-AAC2-948A896E6E61}.Release|Any CPU.Build.0 = Release|Any CPU
		{F7F81039-F9B1-4DF1-872C-7842781E5AEA}.Debug|Any CPU.ActiveCfg = Debug|Any CPU
		{F7F81039-F9B1-4DF1-872C-7842781E5AEA}.Debug|Any CPU.Build.0 = Debug|Any CPU
		{F7F81039-F9B1-4DF1-872C-7842781E5AEA}.Release|Any CPU.ActiveCfg = Release|Any CPU
		{F7F81039-F9B1-4DF1-872C-7842781E5AEA}.Release|Any CPU.Build.0 = Release|Any CPU
		{60555944-0625-4A58-9B41-3C50FC12B8C5}.Debug|Any CPU.ActiveCfg = Debug|Any CPU
		{60555944-0625-4A58-9B41-3C50FC12B8C5}.Debug|Any CPU.Build.0 = Debug|Any CPU
		{60555944-0625-4A58-9B41-3C50FC12B8C5}.Release|Any CPU.ActiveCfg = Release|Any CPU
		{60555944-0625-4A58-9B41-3C50FC12B8C5}.Release|Any CPU.Build.0 = Release|Any CPU
	EndGlobalSection
	GlobalSection(SolutionProperties) = preSolution
		HideSolutionNode = FALSE
	EndGlobalSection
	GlobalSection(NestedProjects) = preSolution
		{F8040B11-FB20-496F-893A-B5AE1B704FF6} = {41EE7804-2675-4FDC-8F29-5DF5A8B99345}
		{BF0B7005-C98D-468E-B06C-C023E6A7CB78} = {41EE7804-2675-4FDC-8F29-5DF5A8B99345}
		{2C611226-6500-4BB3-90F4-DFD4412F9B69} = {F8040B11-FB20-496F-893A-B5AE1B704FF6}
		{B987ABEB-3A4C-48F6-8566-9DB664304902} = {BF0B7005-C98D-468E-B06C-C023E6A7CB78}
		{0D832FF5-9974-4CEE-ACF9-D5C45573DC40} = {F8040B11-FB20-496F-893A-B5AE1B704FF6}
		{A54C8437-02E0-48CB-AAC2-948A896E6E61} = {BF0B7005-C98D-468E-B06C-C023E6A7CB78}
		{0726D363-94DB-4D20-8C73-2A7E5654E292} = {F8040B11-FB20-496F-893A-B5AE1B704FF6}
		{F7F81039-F9B1-4DF1-872C-7842781E5AEA} = {0726D363-94DB-4D20-8C73-2A7E5654E292}
		{BA83E33D-4266-4E1F-AA9D-5913A92A29F7} = {BF0B7005-C98D-468E-B06C-C023E6A7CB78}
		{60555944-0625-4A58-9B41-3C50FC12B8C5} = {BA83E33D-4266-4E1F-AA9D-5913A92A29F7}
	EndGlobalSection
	GlobalSection(ExtensibilityGlobals) = postSolution
		SolutionGuid = {2AE80377-BEFA-4EFB-A871-5CDE24817225}
	EndGlobalSection
EndGlobal
